PODS:
  - Alamofire (4.8.2)
  - DZNEmptyDataSet (1.8.1)
  - ESTabBarController-swift (2.7)
  - EZSwiftExtensions (2.0)
  - HandyJSON (5.0.0)
  - MBProgressHUD (0.9.2)
  - MJRefresh (3.2.0)
  - Moya/Core (13.0.1):
    - Alamofire (~> 4.1)
    - Result (~> 4.1)
  - Moya/RxSwift (13.0.1):
    - Moya/Core
    - RxSwift (~> 4.0)
  - "NSObject+Rx (4.4.1)":
    - RxSwift (~> 4.3)
  - NVActivityIndicatorView (4.7.0):
    - NVActivityIndicatorView/Presenter (= 4.7.0)
  - NVActivityIndicatorView/Presenter (4.7.0)
  - Result (4.1.0)
  - RxCocoa (4.3.1):
    - RxSwift (~> 4.0)
  - RxGesture (2.0.1):
    - RxCocoa (~> 4.3.1)
    - RxSwift (~> 4.3.1)
  - RxSwift (4.3.1)
  - SnapKit (5.0.0)
  - SwiftyJSON (4.2.0)
  - Toast-Swift (5.0.0)

DEPENDENCIES:
  - DZNEmptyDataSet (~> 1.8.1)
  - ESTabBarController-swift
  - EZSwiftExtensions
  - HandyJSON (~> 5.0.0)
  - MBProgressHUD (~> 0.9)
  - MJRefresh
  - Moya/RxSwift (~> 13.0)
  - "NSObject+Rx"
  - NVActivityIndicatorView (~> 4.0)
  - RxCocoa (~> 4.3.1)
  - RxGesture (~> 2.0)
  - SnapKit
  - SwiftyJSON (~> 4.2.0)
  - Toast-Swift (~> 5.0.0)

SPEC REPOS:
  https://github.com/cocoapods/specs.git:
    - Alamofire
    - DZNEmptyDataSet
    - ESTabBarController-swift
    - EZSwiftExtensions
    - HandyJSON
    - MBProgressHUD
    - MJRefresh
    - Moya
    - "NSObject+Rx"
    - NVActivityIndicatorView
    - Result
    - RxCocoa
    - RxGesture
    - RxSwift
    - SnapKit
    - SwiftyJSON
    - Toast-Swift

SPEC CHECKSUMS:
  Alamofire: ae5c501addb7afdbb13687d7f2f722c78734c2d3
  DZNEmptyDataSet: 9525833b9e68ac21c30253e1d3d7076cc828eaa7
  ESTabBarController-swift: 4fb52ad03d94d0717ef97bc9eb09a5abfdded0a2
  EZSwiftExtensions: f73648a591e529a1dbd83c22b19fd3e57df6fb7d
  HandyJSON: 992f2d661716d6a91de82d0056927bc7813b5770
  MBProgressHUD: 1569cf7ace17a8bac47aabfbb8580a49690386d1
  MJRefresh: ed450d6eb9d3346a2cb033ab7eb6de090aeef437
  Moya: f4a4b80ff2f8a4ffc208dfb31cd91636622fee6e
  "NSObject+Rx": 9884a92f19b610795c431e10b4e601913b59c9e9
  NVActivityIndicatorView: b19ddab2576f805cbe0fb2306cba3476e09a1dea
  Result: bd966fac789cc6c1563440b348ab2598cc24d5c7
  RxCocoa: 78763c7b07d02455598d9fc3c1ad091a28b73635
  RxGesture: 26ede4ed13ffc6336d29dbd9a8dff229bdb72de7
  RxSwift: fe0fd770a43acdb7d0a53da411c9b892e69bb6e4
  SnapKit: fd22d10eb9aff484d79a8724eab922c1ddf89bcf
  SwiftyJSON: c4bcba26dd9ec7a027fc8eade48e2c911f229e96
  Toast-Swift: 36f4720243c8582c2be243a60a51e193c761f541

PODFILE CHECKSUM: 53e09958f5670739fd1bdb2fc5ef8dc28ff24b96

COCOAPODS: 1.7.1
