// !$*UTF8*$!
{
	archiveVersion = 1;
	classes = {
	};
	objectVersion = 51;
	objects = {

/* Begin PBXBuildFile section */
		2EF664A42ACAEF0508782EA3 /* Pods_SwiftAppDemo.framework in Frameworks */ = {isa = PBXBuildFile; fileRef = EFE40909F3CE8568EBAB1540 /* Pods_SwiftAppDemo.framework */; };
		B524003822AFAFC1001ADA25 /* ZJEmptyView.swift in Sources */ = {isa = PBXBuildFile; fileRef = B524003722AFAFC1001ADA25 /* ZJEmptyView.swift */; };
		B524661E22896C3300A8C362 /* AppDelegate.swift in Sources */ = {isa = PBXBuildFile; fileRef = B524661D22896C3300A8C362 /* AppDelegate.swift */; };
		B524662022896C3300A8C362 /* ViewController.swift in Sources */ = {isa = PBXBuildFile; fileRef = B524661F22896C3300A8C362 /* ViewController.swift */; };
		B524662322896C3300A8C362 /* Main.storyboard in Resources */ = {isa = PBXBuildFile; fileRef = B524662122896C3300A8C362 /* Main.storyboard */; };
		B524662522896C3400A8C362 /* Assets.xcassets in Resources */ = {isa = PBXBuildFile; fileRef = B524662422896C3400A8C362 /* Assets.xcassets */; };
		B524662822896C3400A8C362 /* LaunchScreen.storyboard in Resources */ = {isa = PBXBuildFile; fileRef = B524662622896C3400A8C362 /* LaunchScreen.storyboard */; };
		B524663322896C3400A8C362 /* SwiftAppDemoTests.swift in Sources */ = {isa = PBXBuildFile; fileRef = B524663222896C3400A8C362 /* SwiftAppDemoTests.swift */; };
		B524663E22896C3400A8C362 /* SwiftAppDemoUITests.swift in Sources */ = {isa = PBXBuildFile; fileRef = B524663D22896C3400A8C362 /* SwiftAppDemoUITests.swift */; };
		B5246671228AABC500A8C362 /* ZJRootController.swift in Sources */ = {isa = PBXBuildFile; fileRef = B524666B228AABC500A8C362 /* ZJRootController.swift */; };
		B5246672228AABC500A8C362 /* ZJBaseTabBarContentView.swift in Sources */ = {isa = PBXBuildFile; fileRef = B524666D228AABC500A8C362 /* ZJBaseTabBarContentView.swift */; };
		B5246673228AABC500A8C362 /* ZJBaseTabBarController.swift in Sources */ = {isa = PBXBuildFile; fileRef = B524666E228AABC500A8C362 /* ZJBaseTabBarController.swift */; };
		B5246674228AABC500A8C362 /* ZJBaseViewController.swift in Sources */ = {isa = PBXBuildFile; fileRef = B524666F228AABC500A8C362 /* ZJBaseViewController.swift */; };
		B5246675228AABC500A8C362 /* ZJNavigationController.swift in Sources */ = {isa = PBXBuildFile; fileRef = B5246670228AABC500A8C362 /* ZJNavigationController.swift */; };
		B5246677228AAC1400A8C362 /* ZJBaseLayoutController.swift in Sources */ = {isa = PBXBuildFile; fileRef = B5246676228AAC1400A8C362 /* ZJBaseLayoutController.swift */; };
		B5246679228AACA500A8C362 /* ZJBaseControllerView.swift in Sources */ = {isa = PBXBuildFile; fileRef = B5246678228AACA500A8C362 /* ZJBaseControllerView.swift */; };
		B524667C228AAE9700A8C362 /* ZJCommonDefine.swift in Sources */ = {isa = PBXBuildFile; fileRef = B524667B228AAE9700A8C362 /* ZJCommonDefine.swift */; };
		B5D12B4222B0D8C400B1C498 /* ZJAppHelper.swift in Sources */ = {isa = PBXBuildFile; fileRef = B5D12B4022B0D8C400B1C498 /* ZJAppHelper.swift */; };
		B5D12B4322B0D8C400B1C498 /* ZJAdaptUtil.swift in Sources */ = {isa = PBXBuildFile; fileRef = B5D12B4122B0D8C400B1C498 /* ZJAdaptUtil.swift */; };
		B5D12B4922B0D96300B1C498 /* ZJBaseTableView.swift in Sources */ = {isa = PBXBuildFile; fileRef = B5D12B4522B0D96300B1C498 /* ZJBaseTableView.swift */; };
		B5D12B4B22B0D96300B1C498 /* UITableView+ZJAdditions.swift in Sources */ = {isa = PBXBuildFile; fileRef = B5D12B4722B0D96300B1C498 /* UITableView+ZJAdditions.swift */; };
		B5D12B4C22B0D96300B1C498 /* ZJBaseTableViewCell.swift in Sources */ = {isa = PBXBuildFile; fileRef = B5D12B4822B0D96300B1C498 /* ZJBaseTableViewCell.swift */; };
		B5D12B4E22B0D9B600B1C498 /* ZJBaseTableViewController.swift in Sources */ = {isa = PBXBuildFile; fileRef = B5D12B4D22B0D9B600B1C498 /* ZJBaseTableViewController.swift */; };
		B5D12B5122B0DA0C00B1C498 /* ZJSecondViewModel.swift in Sources */ = {isa = PBXBuildFile; fileRef = B5D12B5022B0DA0C00B1C498 /* ZJSecondViewModel.swift */; };
		B5D12B5D22B118F500B1C498 /* ZJSwiftApi.swift in Sources */ = {isa = PBXBuildFile; fileRef = B5D12B5C22B118F500B1C498 /* ZJSwiftApi.swift */; };
		B5D12B5F22B11EBA00B1C498 /* ZJNetWorkManager.swift in Sources */ = {isa = PBXBuildFile; fileRef = B5D12B5E22B11EBA00B1C498 /* ZJNetWorkManager.swift */; };
		B5D12B6222B1E22500B1C498 /* ZJBaseModel.swift in Sources */ = {isa = PBXBuildFile; fileRef = B5D12B6122B1E22500B1C498 /* ZJBaseModel.swift */; };
		B5D12B6422B1E35B00B1C498 /* Response+HandyJSON.swift in Sources */ = {isa = PBXBuildFile; fileRef = B5D12B6322B1E35B00B1C498 /* Response+HandyJSON.swift */; };
		B5D12B6722B1E64600B1C498 /* ZJPageModel.swift in Sources */ = {isa = PBXBuildFile; fileRef = B5D12B6622B1E64600B1C498 /* ZJPageModel.swift */; };
		B5D12B6922B1E65C00B1C498 /* ZJStatusModel.swift in Sources */ = {isa = PBXBuildFile; fileRef = B5D12B6822B1E65C00B1C498 /* ZJStatusModel.swift */; };
		B5D12B6B22B1E73700B1C498 /* ZJEmptyModel.swift in Sources */ = {isa = PBXBuildFile; fileRef = B5D12B6A22B1E73700B1C498 /* ZJEmptyModel.swift */; };
		B5D12B7022B1FC7700B1C498 /* ErrorTracker.swift in Sources */ = {isa = PBXBuildFile; fileRef = B5D12B6D22B1FC7700B1C498 /* ErrorTracker.swift */; };
		B5D12B7122B1FC7700B1C498 /* ActivityIndicator.swift in Sources */ = {isa = PBXBuildFile; fileRef = B5D12B6F22B1FC7700B1C498 /* ActivityIndicator.swift */; };
		B5D12B7322B1FCC900B1C498 /* ZJBaseViewModel.swift in Sources */ = {isa = PBXBuildFile; fileRef = B5D12B7222B1FCC900B1C498 /* ZJBaseViewModel.swift */; };
		B5D12B7722B22C6C00B1C498 /* ZJRefreshHeader.swift in Sources */ = {isa = PBXBuildFile; fileRef = B5D12B7622B22C6C00B1C498 /* ZJRefreshHeader.swift */; };
		B5D12B7922B22CB300B1C498 /* ZJRefreshFooter.swift in Sources */ = {isa = PBXBuildFile; fileRef = B5D12B7822B22CB300B1C498 /* ZJRefreshFooter.swift */; };
		B5D12B7E22B2306C00B1C498 /* Observable+Logging.swift in Sources */ = {isa = PBXBuildFile; fileRef = B5D12B7C22B2306C00B1C498 /* Observable+Logging.swift */; };
		B5D12B7F22B2306C00B1C498 /* Observable+Operators.swift in Sources */ = {isa = PBXBuildFile; fileRef = B5D12B7D22B2306C00B1C498 /* Observable+Operators.swift */; };
		B5D12B8122B24E2A00B1C498 /* MJRefresh+Rx.swift in Sources */ = {isa = PBXBuildFile; fileRef = B5D12B8022B24E2A00B1C498 /* MJRefresh+Rx.swift */; };
		B5D12B8322B341B800B1C498 /* ZJRemainOilModel.swift in Sources */ = {isa = PBXBuildFile; fileRef = B5D12B8222B341B800B1C498 /* ZJRemainOilModel.swift */; };
		B5EB05C622ADFD83006219E2 /* ZJFindController.swift in Sources */ = {isa = PBXBuildFile; fileRef = B5EB05BC22ADFD83006219E2 /* ZJFindController.swift */; };
		B5EB05C722ADFD83006219E2 /* ZJMineController.swift in Sources */ = {isa = PBXBuildFile; fileRef = B5EB05BD22ADFD83006219E2 /* ZJMineController.swift */; };
		B5EB05C822ADFD84006219E2 /* ZJHomeController.swift in Sources */ = {isa = PBXBuildFile; fileRef = B5EB05BE22ADFD83006219E2 /* ZJHomeController.swift */; };
		B5EB05C922ADFD84006219E2 /* ZJThirdController.swift in Sources */ = {isa = PBXBuildFile; fileRef = B5EB05C022ADFD83006219E2 /* ZJThirdController.swift */; };
		B5EB05CB22ADFD84006219E2 /* ZJSecondCell.swift in Sources */ = {isa = PBXBuildFile; fileRef = B5EB05C322ADFD83006219E2 /* ZJSecondCell.swift */; };
		B5EB05CC22ADFD84006219E2 /* ZJSecondController.swift in Sources */ = {isa = PBXBuildFile; fileRef = B5EB05C422ADFD83006219E2 /* ZJSecondController.swift */; };
		B5EB05CD22ADFD84006219E2 /* ZJFavorController.swift in Sources */ = {isa = PBXBuildFile; fileRef = B5EB05C522ADFD83006219E2 /* ZJFavorController.swift */; };
		B5EB05D422AE3862006219E2 /* ZJCommonHeader.swift in Sources */ = {isa = PBXBuildFile; fileRef = B5EB05D322AE3862006219E2 /* ZJCommonHeader.swift */; };
		B5EB05D722AE3A5D006219E2 /* UIView+ZJAdditions.swift in Sources */ = {isa = PBXBuildFile; fileRef = B5EB05D622AE3A5D006219E2 /* UIView+ZJAdditions.swift */; };
		B5EB05DB22AE3AA4006219E2 /* ZJHudView.swift in Sources */ = {isa = PBXBuildFile; fileRef = B5EB05DA22AE3AA4006219E2 /* ZJHudView.swift */; };
		B5EB05DD22AE3AE1006219E2 /* ZJHudCustomView.swift in Sources */ = {isa = PBXBuildFile; fileRef = B5EB05DC22AE3AE1006219E2 /* ZJHudCustomView.swift */; };
/* End PBXBuildFile section */

/* Begin PBXContainerItemProxy section */
		B524662F22896C3400A8C362 /* PBXContainerItemProxy */ = {
			isa = PBXContainerItemProxy;
			containerPortal = B524661222896C3300A8C362 /* Project object */;
			proxyType = 1;
			remoteGlobalIDString = B524661922896C3300A8C362;
			remoteInfo = SwiftAppDemo;
		};
		B524663A22896C3400A8C362 /* PBXContainerItemProxy */ = {
			isa = PBXContainerItemProxy;
			containerPortal = B524661222896C3300A8C362 /* Project object */;
			proxyType = 1;
			remoteGlobalIDString = B524661922896C3300A8C362;
			remoteInfo = SwiftAppDemo;
		};
/* End PBXContainerItemProxy section */

/* Begin PBXFileReference section */
		3765D05FEE218620CE782176 /* Pods-SwiftAppDemo.release.xcconfig */ = {isa = PBXFileReference; includeInIndex = 1; lastKnownFileType = text.xcconfig; name = "Pods-SwiftAppDemo.release.xcconfig"; path = "Target Support Files/Pods-SwiftAppDemo/Pods-SwiftAppDemo.release.xcconfig"; sourceTree = "<group>"; };
		B524003722AFAFC1001ADA25 /* ZJEmptyView.swift */ = {isa = PBXFileReference; lastKnownFileType = sourcecode.swift; path = ZJEmptyView.swift; sourceTree = "<group>"; };
		B524661A22896C3300A8C362 /* SwiftAppDemo.app */ = {isa = PBXFileReference; explicitFileType = wrapper.application; includeInIndex = 0; path = SwiftAppDemo.app; sourceTree = BUILT_PRODUCTS_DIR; };
		B524661D22896C3300A8C362 /* AppDelegate.swift */ = {isa = PBXFileReference; lastKnownFileType = sourcecode.swift; path = AppDelegate.swift; sourceTree = "<group>"; };
		B524661F22896C3300A8C362 /* ViewController.swift */ = {isa = PBXFileReference; lastKnownFileType = sourcecode.swift; path = ViewController.swift; sourceTree = "<group>"; };
		B524662222896C3300A8C362 /* Base */ = {isa = PBXFileReference; lastKnownFileType = file.storyboard; name = Base; path = Base.lproj/Main.storyboard; sourceTree = "<group>"; };
		B524662422896C3400A8C362 /* Assets.xcassets */ = {isa = PBXFileReference; lastKnownFileType = folder.assetcatalog; path = Assets.xcassets; sourceTree = "<group>"; };
		B524662722896C3400A8C362 /* Base */ = {isa = PBXFileReference; lastKnownFileType = file.storyboard; name = Base; path = Base.lproj/LaunchScreen.storyboard; sourceTree = "<group>"; };
		B524662922896C3400A8C362 /* Info.plist */ = {isa = PBXFileReference; lastKnownFileType = text.plist.xml; path = Info.plist; sourceTree = "<group>"; };
		B524662E22896C3400A8C362 /* SwiftAppDemoTests.xctest */ = {isa = PBXFileReference; explicitFileType = wrapper.cfbundle; includeInIndex = 0; path = SwiftAppDemoTests.xctest; sourceTree = BUILT_PRODUCTS_DIR; };
		B524663222896C3400A8C362 /* SwiftAppDemoTests.swift */ = {isa = PBXFileReference; lastKnownFileType = sourcecode.swift; path = SwiftAppDemoTests.swift; sourceTree = "<group>"; };
		B524663422896C3400A8C362 /* Info.plist */ = {isa = PBXFileReference; lastKnownFileType = text.plist.xml; path = Info.plist; sourceTree = "<group>"; };
		B524663922896C3400A8C362 /* SwiftAppDemoUITests.xctest */ = {isa = PBXFileReference; explicitFileType = wrapper.cfbundle; includeInIndex = 0; path = SwiftAppDemoUITests.xctest; sourceTree = BUILT_PRODUCTS_DIR; };
		B524663D22896C3400A8C362 /* SwiftAppDemoUITests.swift */ = {isa = PBXFileReference; lastKnownFileType = sourcecode.swift; path = SwiftAppDemoUITests.swift; sourceTree = "<group>"; };
		B524663F22896C3400A8C362 /* Info.plist */ = {isa = PBXFileReference; lastKnownFileType = text.plist.xml; path = Info.plist; sourceTree = "<group>"; };
		B524666B228AABC500A8C362 /* ZJRootController.swift */ = {isa = PBXFileReference; fileEncoding = 4; lastKnownFileType = sourcecode.swift; path = ZJRootController.swift; sourceTree = "<group>"; };
		B524666D228AABC500A8C362 /* ZJBaseTabBarContentView.swift */ = {isa = PBXFileReference; fileEncoding = 4; lastKnownFileType = sourcecode.swift; path = ZJBaseTabBarContentView.swift; sourceTree = "<group>"; };
		B524666E228AABC500A8C362 /* ZJBaseTabBarController.swift */ = {isa = PBXFileReference; fileEncoding = 4; lastKnownFileType = sourcecode.swift; path = ZJBaseTabBarController.swift; sourceTree = "<group>"; };
		B524666F228AABC500A8C362 /* ZJBaseViewController.swift */ = {isa = PBXFileReference; fileEncoding = 4; lastKnownFileType = sourcecode.swift; path = ZJBaseViewController.swift; sourceTree = "<group>"; };
		B5246670228AABC500A8C362 /* ZJNavigationController.swift */ = {isa = PBXFileReference; fileEncoding = 4; lastKnownFileType = sourcecode.swift; path = ZJNavigationController.swift; sourceTree = "<group>"; };
		B5246676228AAC1400A8C362 /* ZJBaseLayoutController.swift */ = {isa = PBXFileReference; lastKnownFileType = sourcecode.swift; path = ZJBaseLayoutController.swift; sourceTree = "<group>"; };
		B5246678228AACA500A8C362 /* ZJBaseControllerView.swift */ = {isa = PBXFileReference; lastKnownFileType = sourcecode.swift; path = ZJBaseControllerView.swift; sourceTree = "<group>"; };
		B524667B228AAE9700A8C362 /* ZJCommonDefine.swift */ = {isa = PBXFileReference; lastKnownFileType = sourcecode.swift; path = ZJCommonDefine.swift; sourceTree = "<group>"; };
		B5D12B4022B0D8C400B1C498 /* ZJAppHelper.swift */ = {isa = PBXFileReference; fileEncoding = 4; lastKnownFileType = sourcecode.swift; path = ZJAppHelper.swift; sourceTree = "<group>"; };
		B5D12B4122B0D8C400B1C498 /* ZJAdaptUtil.swift */ = {isa = PBXFileReference; fileEncoding = 4; lastKnownFileType = sourcecode.swift; path = ZJAdaptUtil.swift; sourceTree = "<group>"; };
		B5D12B4522B0D96300B1C498 /* ZJBaseTableView.swift */ = {isa = PBXFileReference; fileEncoding = 4; lastKnownFileType = sourcecode.swift; path = ZJBaseTableView.swift; sourceTree = "<group>"; };
		B5D12B4722B0D96300B1C498 /* UITableView+ZJAdditions.swift */ = {isa = PBXFileReference; fileEncoding = 4; lastKnownFileType = sourcecode.swift; path = "UITableView+ZJAdditions.swift"; sourceTree = "<group>"; };
		B5D12B4822B0D96300B1C498 /* ZJBaseTableViewCell.swift */ = {isa = PBXFileReference; fileEncoding = 4; lastKnownFileType = sourcecode.swift; path = ZJBaseTableViewCell.swift; sourceTree = "<group>"; };
		B5D12B4D22B0D9B600B1C498 /* ZJBaseTableViewController.swift */ = {isa = PBXFileReference; fileEncoding = 4; lastKnownFileType = sourcecode.swift; path = ZJBaseTableViewController.swift; sourceTree = "<group>"; };
		B5D12B5022B0DA0C00B1C498 /* ZJSecondViewModel.swift */ = {isa = PBXFileReference; fileEncoding = 4; lastKnownFileType = sourcecode.swift; path = ZJSecondViewModel.swift; sourceTree = "<group>"; };
		B5D12B5C22B118F500B1C498 /* ZJSwiftApi.swift */ = {isa = PBXFileReference; lastKnownFileType = sourcecode.swift; path = ZJSwiftApi.swift; sourceTree = "<group>"; };
		B5D12B5E22B11EBA00B1C498 /* ZJNetWorkManager.swift */ = {isa = PBXFileReference; lastKnownFileType = sourcecode.swift; path = ZJNetWorkManager.swift; sourceTree = "<group>"; };
		B5D12B6122B1E22500B1C498 /* ZJBaseModel.swift */ = {isa = PBXFileReference; lastKnownFileType = sourcecode.swift; path = ZJBaseModel.swift; sourceTree = "<group>"; };
		B5D12B6322B1E35B00B1C498 /* Response+HandyJSON.swift */ = {isa = PBXFileReference; lastKnownFileType = sourcecode.swift; path = "Response+HandyJSON.swift"; sourceTree = "<group>"; };
		B5D12B6622B1E64600B1C498 /* ZJPageModel.swift */ = {isa = PBXFileReference; lastKnownFileType = sourcecode.swift; path = ZJPageModel.swift; sourceTree = "<group>"; };
		B5D12B6822B1E65C00B1C498 /* ZJStatusModel.swift */ = {isa = PBXFileReference; lastKnownFileType = sourcecode.swift; path = ZJStatusModel.swift; sourceTree = "<group>"; };
		B5D12B6A22B1E73700B1C498 /* ZJEmptyModel.swift */ = {isa = PBXFileReference; lastKnownFileType = sourcecode.swift; path = ZJEmptyModel.swift; sourceTree = "<group>"; };
		B5D12B6D22B1FC7700B1C498 /* ErrorTracker.swift */ = {isa = PBXFileReference; fileEncoding = 4; lastKnownFileType = sourcecode.swift; path = ErrorTracker.swift; sourceTree = "<group>"; };
		B5D12B6F22B1FC7700B1C498 /* ActivityIndicator.swift */ = {isa = PBXFileReference; fileEncoding = 4; lastKnownFileType = sourcecode.swift; path = ActivityIndicator.swift; sourceTree = "<group>"; };
		B5D12B7222B1FCC900B1C498 /* ZJBaseViewModel.swift */ = {isa = PBXFileReference; lastKnownFileType = sourcecode.swift; path = ZJBaseViewModel.swift; sourceTree = "<group>"; };
		B5D12B7622B22C6C00B1C498 /* ZJRefreshHeader.swift */ = {isa = PBXFileReference; lastKnownFileType = sourcecode.swift; path = ZJRefreshHeader.swift; sourceTree = "<group>"; };
		B5D12B7822B22CB300B1C498 /* ZJRefreshFooter.swift */ = {isa = PBXFileReference; lastKnownFileType = sourcecode.swift; path = ZJRefreshFooter.swift; sourceTree = "<group>"; };
		B5D12B7C22B2306C00B1C498 /* Observable+Logging.swift */ = {isa = PBXFileReference; fileEncoding = 4; lastKnownFileType = sourcecode.swift; path = "Observable+Logging.swift"; sourceTree = "<group>"; };
		B5D12B7D22B2306C00B1C498 /* Observable+Operators.swift */ = {isa = PBXFileReference; fileEncoding = 4; lastKnownFileType = sourcecode.swift; path = "Observable+Operators.swift"; sourceTree = "<group>"; };
		B5D12B8022B24E2A00B1C498 /* MJRefresh+Rx.swift */ = {isa = PBXFileReference; lastKnownFileType = sourcecode.swift; path = "MJRefresh+Rx.swift"; sourceTree = "<group>"; };
		B5D12B8222B341B800B1C498 /* ZJRemainOilModel.swift */ = {isa = PBXFileReference; lastKnownFileType = sourcecode.swift; path = ZJRemainOilModel.swift; sourceTree = "<group>"; };
		B5EB05BC22ADFD83006219E2 /* ZJFindController.swift */ = {isa = PBXFileReference; fileEncoding = 4; lastKnownFileType = sourcecode.swift; path = ZJFindController.swift; sourceTree = "<group>"; };
		B5EB05BD22ADFD83006219E2 /* ZJMineController.swift */ = {isa = PBXFileReference; fileEncoding = 4; lastKnownFileType = sourcecode.swift; path = ZJMineController.swift; sourceTree = "<group>"; };
		B5EB05BE22ADFD83006219E2 /* ZJHomeController.swift */ = {isa = PBXFileReference; fileEncoding = 4; lastKnownFileType = sourcecode.swift; path = ZJHomeController.swift; sourceTree = "<group>"; };
		B5EB05C022ADFD83006219E2 /* ZJThirdController.swift */ = {isa = PBXFileReference; fileEncoding = 4; lastKnownFileType = sourcecode.swift; path = ZJThirdController.swift; sourceTree = "<group>"; };
		B5EB05C322ADFD83006219E2 /* ZJSecondCell.swift */ = {isa = PBXFileReference; fileEncoding = 4; lastKnownFileType = sourcecode.swift; path = ZJSecondCell.swift; sourceTree = "<group>"; };
		B5EB05C422ADFD83006219E2 /* ZJSecondController.swift */ = {isa = PBXFileReference; fileEncoding = 4; lastKnownFileType = sourcecode.swift; path = ZJSecondController.swift; sourceTree = "<group>"; };
		B5EB05C522ADFD83006219E2 /* ZJFavorController.swift */ = {isa = PBXFileReference; fileEncoding = 4; lastKnownFileType = sourcecode.swift; path = ZJFavorController.swift; sourceTree = "<group>"; };
		B5EB05D322AE3862006219E2 /* ZJCommonHeader.swift */ = {isa = PBXFileReference; lastKnownFileType = sourcecode.swift; path = ZJCommonHeader.swift; sourceTree = "<group>"; };
		B5EB05D622AE3A5D006219E2 /* UIView+ZJAdditions.swift */ = {isa = PBXFileReference; fileEncoding = 4; lastKnownFileType = sourcecode.swift; path = "UIView+ZJAdditions.swift"; sourceTree = "<group>"; };
		B5EB05DA22AE3AA4006219E2 /* ZJHudView.swift */ = {isa = PBXFileReference; lastKnownFileType = sourcecode.swift; path = ZJHudView.swift; sourceTree = "<group>"; };
		B5EB05DC22AE3AE1006219E2 /* ZJHudCustomView.swift */ = {isa = PBXFileReference; lastKnownFileType = sourcecode.swift; path = ZJHudCustomView.swift; sourceTree = "<group>"; };
		B5EB05E022AE58B9006219E2 /* SwiftAppDemo-Bridging-Header.h */ = {isa = PBXFileReference; lastKnownFileType = sourcecode.c.h; path = "SwiftAppDemo-Bridging-Header.h"; sourceTree = "<group>"; };
		D9548E1331008146246BFAAA /* Pods-SwiftAppDemo.debug.xcconfig */ = {isa = PBXFileReference; includeInIndex = 1; lastKnownFileType = text.xcconfig; name = "Pods-SwiftAppDemo.debug.xcconfig"; path = "Target Support Files/Pods-SwiftAppDemo/Pods-SwiftAppDemo.debug.xcconfig"; sourceTree = "<group>"; };
		EFE40909F3CE8568EBAB1540 /* Pods_SwiftAppDemo.framework */ = {isa = PBXFileReference; explicitFileType = wrapper.framework; includeInIndex = 0; path = Pods_SwiftAppDemo.framework; sourceTree = BUILT_PRODUCTS_DIR; };
/* End PBXFileReference section */

/* Begin PBXFrameworksBuildPhase section */
		B524661722896C3300A8C362 /* Frameworks */ = {
			isa = PBXFrameworksBuildPhase;
			buildActionMask = 2147483647;
			files = (
				2EF664A42ACAEF0508782EA3 /* Pods_SwiftAppDemo.framework in Frameworks */,
			);
			runOnlyForDeploymentPostprocessing = 0;
		};
		B524662B22896C3400A8C362 /* Frameworks */ = {
			isa = PBXFrameworksBuildPhase;
			buildActionMask = 2147483647;
			files = (
			);
			runOnlyForDeploymentPostprocessing = 0;
		};
		B524663622896C3400A8C362 /* Frameworks */ = {
			isa = PBXFrameworksBuildPhase;
			buildActionMask = 2147483647;
			files = (
			);
			runOnlyForDeploymentPostprocessing = 0;
		};
/* End PBXFrameworksBuildPhase section */

/* Begin PBXGroup section */
		4743998B718B829031FAF4DB /* Pods */ = {
			isa = PBXGroup;
			children = (
				D9548E1331008146246BFAAA /* Pods-SwiftAppDemo.debug.xcconfig */,
				3765D05FEE218620CE782176 /* Pods-SwiftAppDemo.release.xcconfig */,
			);
			path = Pods;
			sourceTree = "<group>";
		};
		914803D4DDECEB8C96E341A8 /* Frameworks */ = {
			isa = PBXGroup;
			children = (
				EFE40909F3CE8568EBAB1540 /* Pods_SwiftAppDemo.framework */,
			);
			name = Frameworks;
			sourceTree = "<group>";
		};
		B524003622AFAFAC001ADA25 /* Empty */ = {
			isa = PBXGroup;
			children = (
				B524003722AFAFC1001ADA25 /* ZJEmptyView.swift */,
			);
			path = Empty;
			sourceTree = "<group>";
		};
		B524003922AFCF91001ADA25 /* Vendors */ = {
			isa = PBXGroup;
			children = (
				B5D12B6E22B1FC7700B1C498 /* RxActivityIndicator */,
				B5D12B6C22B1FC7700B1C498 /* RxErrorTracker */,
			);
			path = Vendors;
			sourceTree = "<group>";
		};
		B524661122896C3300A8C362 = {
			isa = PBXGroup;
			children = (
				B524661C22896C3300A8C362 /* SwiftAppDemo */,
				B524663122896C3400A8C362 /* SwiftAppDemoTests */,
				B524663C22896C3400A8C362 /* SwiftAppDemoUITests */,
				B524661B22896C3300A8C362 /* Products */,
				4743998B718B829031FAF4DB /* Pods */,
				914803D4DDECEB8C96E341A8 /* Frameworks */,
			);
			sourceTree = "<group>";
		};
		B524661B22896C3300A8C362 /* Products */ = {
			isa = PBXGroup;
			children = (
				B524661A22896C3300A8C362 /* SwiftAppDemo.app */,
				B524662E22896C3400A8C362 /* SwiftAppDemoTests.xctest */,
				B524663922896C3400A8C362 /* SwiftAppDemoUITests.xctest */,
			);
			name = Products;
			sourceTree = "<group>";
		};
		B524661C22896C3300A8C362 /* SwiftAppDemo */ = {
			isa = PBXGroup;
			children = (
				B5EB05D222AE384E006219E2 /* Common */,
				B524667D228AB2D900A8C362 /* General */,
				B524667A228AAE2E00A8C362 /* Macro */,
				B524003922AFCF91001ADA25 /* Vendors */,
				B5D12B6022B1E21200B1C498 /* Model */,
				B5D12B4F22B0DA0C00B1C498 /* ViewModel */,
				B5246667228AAB6900A8C362 /* Sections */,
				B524661D22896C3300A8C362 /* AppDelegate.swift */,
				B524661F22896C3300A8C362 /* ViewController.swift */,
				B524662122896C3300A8C362 /* Main.storyboard */,
				B524662422896C3400A8C362 /* Assets.xcassets */,
				B524662622896C3400A8C362 /* LaunchScreen.storyboard */,
				B524662922896C3400A8C362 /* Info.plist */,
			);
			path = SwiftAppDemo;
			sourceTree = "<group>";
		};
		B524663122896C3400A8C362 /* SwiftAppDemoTests */ = {
			isa = PBXGroup;
			children = (
				B524663222896C3400A8C362 /* SwiftAppDemoTests.swift */,
				B524663422896C3400A8C362 /* Info.plist */,
			);
			path = SwiftAppDemoTests;
			sourceTree = "<group>";
		};
		B524663C22896C3400A8C362 /* SwiftAppDemoUITests */ = {
			isa = PBXGroup;
			children = (
				B524663D22896C3400A8C362 /* SwiftAppDemoUITests.swift */,
				B524663F22896C3400A8C362 /* Info.plist */,
			);
			path = SwiftAppDemoUITests;
			sourceTree = "<group>";
		};
		B5246667228AAB6900A8C362 /* Sections */ = {
			isa = PBXGroup;
			children = (
				B5246668228AAB6900A8C362 /* Classes */,
			);
			path = Sections;
			sourceTree = "<group>";
		};
		B5246668228AAB6900A8C362 /* Classes */ = {
			isa = PBXGroup;
			children = (
				B5D12B5622B0DABD00B1C498 /* Second */,
				B5D12B5722B0DABD00B1C498 /* Third */,
				B524666C228AABC500A8C362 /* Base */,
				B524666A228AABC500A8C362 /* Root */,
				B5D12B5522B0DA6500B1C498 /* Favor */,
				B5D12B5322B0DA6400B1C498 /* Find */,
				B5D12B5222B0DA6400B1C498 /* Home */,
				B5D12B5422B0DA6400B1C498 /* Mine */,
			);
			path = Classes;
			sourceTree = "<group>";
		};
		B524666A228AABC500A8C362 /* Root */ = {
			isa = PBXGroup;
			children = (
				B524666B228AABC500A8C362 /* ZJRootController.swift */,
			);
			path = Root;
			sourceTree = "<group>";
		};
		B524666C228AABC500A8C362 /* Base */ = {
			isa = PBXGroup;
			children = (
				B5D12B4D22B0D9B600B1C498 /* ZJBaseTableViewController.swift */,
				B524666D228AABC500A8C362 /* ZJBaseTabBarContentView.swift */,
				B524666E228AABC500A8C362 /* ZJBaseTabBarController.swift */,
				B524666F228AABC500A8C362 /* ZJBaseViewController.swift */,
				B5246670228AABC500A8C362 /* ZJNavigationController.swift */,
				B5246676228AAC1400A8C362 /* ZJBaseLayoutController.swift */,
				B5246678228AACA500A8C362 /* ZJBaseControllerView.swift */,
			);
			path = Base;
			sourceTree = "<group>";
		};
		B524667A228AAE2E00A8C362 /* Macro */ = {
			isa = PBXGroup;
			children = (
				B524667B228AAE9700A8C362 /* ZJCommonDefine.swift */,
			);
			path = Macro;
			sourceTree = "<group>";
		};
		B524667D228AB2D900A8C362 /* General */ = {
			isa = PBXGroup;
			children = (
				B5D12B3F22B0D8C400B1C498 /* Helper */,
				B5EB05E322AF4FEB006219E2 /* NetWork */,
				B5EB05D822AE3A77006219E2 /* View */,
				B5EB05D522AE3A5D006219E2 /* Extentions */,
			);
			path = General;
			sourceTree = "<group>";
		};
		B5D12B3F22B0D8C400B1C498 /* Helper */ = {
			isa = PBXGroup;
			children = (
				B5D12B4022B0D8C400B1C498 /* ZJAppHelper.swift */,
				B5D12B4122B0D8C400B1C498 /* ZJAdaptUtil.swift */,
			);
			path = Helper;
			sourceTree = "<group>";
		};
		B5D12B4422B0D96300B1C498 /* BaseTableView */ = {
			isa = PBXGroup;
			children = (
				B5D12B4522B0D96300B1C498 /* ZJBaseTableView.swift */,
				B5D12B4722B0D96300B1C498 /* UITableView+ZJAdditions.swift */,
				B5D12B4822B0D96300B1C498 /* ZJBaseTableViewCell.swift */,
			);
			path = BaseTableView;
			sourceTree = "<group>";
		};
		B5D12B4F22B0DA0C00B1C498 /* ViewModel */ = {
			isa = PBXGroup;
			children = (
				B5D12B7222B1FCC900B1C498 /* ZJBaseViewModel.swift */,
				B5D12B5022B0DA0C00B1C498 /* ZJSecondViewModel.swift */,
			);
			path = ViewModel;
			sourceTree = "<group>";
		};
		B5D12B5222B0DA6400B1C498 /* Home */ = {
			isa = PBXGroup;
			children = (
				B5EB05BE22ADFD83006219E2 /* ZJHomeController.swift */,
			);
			path = Home;
			sourceTree = "<group>";
		};
		B5D12B5322B0DA6400B1C498 /* Find */ = {
			isa = PBXGroup;
			children = (
				B5EB05BC22ADFD83006219E2 /* ZJFindController.swift */,
			);
			path = Find;
			sourceTree = "<group>";
		};
		B5D12B5422B0DA6400B1C498 /* Mine */ = {
			isa = PBXGroup;
			children = (
				B5EB05BD22ADFD83006219E2 /* ZJMineController.swift */,
			);
			path = Mine;
			sourceTree = "<group>";
		};
		B5D12B5522B0DA6500B1C498 /* Favor */ = {
			isa = PBXGroup;
			children = (
				B5EB05C522ADFD83006219E2 /* ZJFavorController.swift */,
			);
			path = Favor;
			sourceTree = "<group>";
		};
		B5D12B5622B0DABD00B1C498 /* Second */ = {
			isa = PBXGroup;
			children = (
				B5EB05C422ADFD83006219E2 /* ZJSecondController.swift */,
				B5EB05C322ADFD83006219E2 /* ZJSecondCell.swift */,
			);
			path = Second;
			sourceTree = "<group>";
		};
		B5D12B5722B0DABD00B1C498 /* Third */ = {
			isa = PBXGroup;
			children = (
				B5EB05C022ADFD83006219E2 /* ZJThirdController.swift */,
			);
			path = Third;
			sourceTree = "<group>";
		};
		B5D12B6022B1E21200B1C498 /* Model */ = {
			isa = PBXGroup;
			children = (
				B5D12B6522B1E63600B1C498 /* Base */,
				B5D12B8222B341B800B1C498 /* ZJRemainOilModel.swift */,
			);
			path = Model;
			sourceTree = "<group>";
		};
		B5D12B6522B1E63600B1C498 /* Base */ = {
			isa = PBXGroup;
			children = (
				B5D12B6122B1E22500B1C498 /* ZJBaseModel.swift */,
				B5D12B6622B1E64600B1C498 /* ZJPageModel.swift */,
				B5D12B6822B1E65C00B1C498 /* ZJStatusModel.swift */,
				B5D12B6A22B1E73700B1C498 /* ZJEmptyModel.swift */,
			);
			path = Base;
			sourceTree = "<group>";
		};
		B5D12B6C22B1FC7700B1C498 /* RxErrorTracker */ = {
			isa = PBXGroup;
			children = (
				B5D12B6D22B1FC7700B1C498 /* ErrorTracker.swift */,
			);
			path = RxErrorTracker;
			sourceTree = "<group>";
		};
		B5D12B6E22B1FC7700B1C498 /* RxActivityIndicator */ = {
			isa = PBXGroup;
			children = (
				B5D12B6F22B1FC7700B1C498 /* ActivityIndicator.swift */,
			);
			path = RxActivityIndicator;
			sourceTree = "<group>";
		};
		B5D12B7422B21E3900B1C498 /* HeaderRefresh */ = {
			isa = PBXGroup;
			children = (
				B5D12B7622B22C6C00B1C498 /* ZJRefreshHeader.swift */,
			);
			path = HeaderRefresh;
			sourceTree = "<group>";
		};
		B5D12B7522B21E3900B1C498 /* FooterRefresh */ = {
			isa = PBXGroup;
			children = (
				B5D12B7822B22CB300B1C498 /* ZJRefreshFooter.swift */,
			);
			path = FooterRefresh;
			sourceTree = "<group>";
		};
		B5D12B7A22B2304C00B1C498 /* RxSwift */ = {
			isa = PBXGroup;
			children = (
				B5D12B7C22B2306C00B1C498 /* Observable+Logging.swift */,
				B5D12B7D22B2306C00B1C498 /* Observable+Operators.swift */,
				B5D12B8022B24E2A00B1C498 /* MJRefresh+Rx.swift */,
			);
			path = RxSwift;
			sourceTree = "<group>";
		};
		B5D12B7B22B2304D00B1C498 /* UIView */ = {
			isa = PBXGroup;
			children = (
				B5EB05D622AE3A5D006219E2 /* UIView+ZJAdditions.swift */,
			);
			path = UIView;
			sourceTree = "<group>";
		};
		B5EB05D222AE384E006219E2 /* Common */ = {
			isa = PBXGroup;
			children = (
				B5EB05D322AE3862006219E2 /* ZJCommonHeader.swift */,
				B5EB05E022AE58B9006219E2 /* SwiftAppDemo-Bridging-Header.h */,
			);
			path = Common;
			sourceTree = "<group>";
		};
		B5EB05D522AE3A5D006219E2 /* Extentions */ = {
			isa = PBXGroup;
			children = (
				B5D12B7A22B2304C00B1C498 /* RxSwift */,
				B5D12B7B22B2304D00B1C498 /* UIView */,
			);
			path = Extentions;
			sourceTree = "<group>";
		};
		B5EB05D822AE3A77006219E2 /* View */ = {
			isa = PBXGroup;
			children = (
				B5D12B7522B21E3900B1C498 /* FooterRefresh */,
				B5D12B7422B21E3900B1C498 /* HeaderRefresh */,
				B5D12B4422B0D96300B1C498 /* BaseTableView */,
				B524003622AFAFAC001ADA25 /* Empty */,
				B5EB05D922AE3A77006219E2 /* Hud */,
			);
			path = View;
			sourceTree = "<group>";
		};
		B5EB05D922AE3A77006219E2 /* Hud */ = {
			isa = PBXGroup;
			children = (
				B5EB05DA22AE3AA4006219E2 /* ZJHudView.swift */,
				B5EB05DC22AE3AE1006219E2 /* ZJHudCustomView.swift */,
			);
			path = Hud;
			sourceTree = "<group>";
		};
		B5EB05E322AF4FEB006219E2 /* NetWork */ = {
			isa = PBXGroup;
			children = (
				B5D12B5C22B118F500B1C498 /* ZJSwiftApi.swift */,
				B5D12B5E22B11EBA00B1C498 /* ZJNetWorkManager.swift */,
				B5D12B6322B1E35B00B1C498 /* Response+HandyJSON.swift */,
			);
			path = NetWork;
			sourceTree = "<group>";
		};
/* End PBXGroup section */

/* Begin PBXNativeTarget section */
		B524661922896C3300A8C362 /* SwiftAppDemo */ = {
			isa = PBXNativeTarget;
			buildConfigurationList = B524664222896C3400A8C362 /* Build configuration list for PBXNativeTarget "SwiftAppDemo" */;
			buildPhases = (
				3356F81C245D79AF611CE6EE /* [CP] Check Pods Manifest.lock */,
				B524661622896C3300A8C362 /* Sources */,
				B524661722896C3300A8C362 /* Frameworks */,
				B524661822896C3300A8C362 /* Resources */,
				C86739A5F98AFAB7BBDC38FE /* [CP] Embed Pods Frameworks */,
			);
			buildRules = (
			);
			dependencies = (
			);
			name = SwiftAppDemo;
			productName = SwiftAppDemo;
			productReference = B524661A22896C3300A8C362 /* SwiftAppDemo.app */;
			productType = "com.apple.product-type.application";
		};
		B524662D22896C3400A8C362 /* SwiftAppDemoTests */ = {
			isa = PBXNativeTarget;
			buildConfigurationList = B524664522896C3400A8C362 /* Build configuration list for PBXNativeTarget "SwiftAppDemoTests" */;
			buildPhases = (
				B524662A22896C3400A8C362 /* Sources */,
				B524662B22896C3400A8C362 /* Frameworks */,
				B524662C22896C3400A8C362 /* Resources */,
			);
			buildRules = (
			);
			dependencies = (
				B524663022896C3400A8C362 /* PBXTargetDependency */,
			);
			name = SwiftAppDemoTests;
			productName = SwiftAppDemoTests;
			productReference = B524662E22896C3400A8C362 /* SwiftAppDemoTests.xctest */;
			productType = "com.apple.product-type.bundle.unit-test";
		};
		B524663822896C3400A8C362 /* SwiftAppDemoUITests */ = {
			isa = PBXNativeTarget;
			buildConfigurationList = B524664822896C3400A8C362 /* Build configuration list for PBXNativeTarget "SwiftAppDemoUITests" */;
			buildPhases = (
				B524663522896C3400A8C362 /* Sources */,
				B524663622896C3400A8C362 /* Frameworks */,
				B524663722896C3400A8C362 /* Resources */,
			);
			buildRules = (
			);
			dependencies = (
				B524663B22896C3400A8C362 /* PBXTargetDependency */,
			);
			name = SwiftAppDemoUITests;
			productName = SwiftAppDemoUITests;
			productReference = B524663922896C3400A8C362 /* SwiftAppDemoUITests.xctest */;
			productType = "com.apple.product-type.bundle.ui-testing";
		};
/* End PBXNativeTarget section */

/* Begin PBXProject section */
		B524661222896C3300A8C362 /* Project object */ = {
			isa = PBXProject;
			attributes = {
				LastSwiftUpdateCheck = 1020;
				LastUpgradeCheck = 1020;
				ORGANIZATIONNAME = "岑志军";
				TargetAttributes = {
					B524661922896C3300A8C362 = {
						CreatedOnToolsVersion = 10.2;
					};
					B524662D22896C3400A8C362 = {
						CreatedOnToolsVersion = 10.2;
						TestTargetID = B524661922896C3300A8C362;
					};
					B524663822896C3400A8C362 = {
						CreatedOnToolsVersion = 10.2;
						TestTargetID = B524661922896C3300A8C362;
					};
				};
			};
			buildConfigurationList = B524661522896C3300A8C362 /* Build configuration list for PBXProject "SwiftAppDemo" */;
			compatibilityVersion = "Xcode 9.3";
			developmentRegion = en;
			hasScannedForEncodings = 0;
			knownRegions = (
				en,
				Base,
			);
			mainGroup = B524661122896C3300A8C362;
			productRefGroup = B524661B22896C3300A8C362 /* Products */;
			projectDirPath = "";
			projectRoot = "";
			targets = (
				B524661922896C3300A8C362 /* SwiftAppDemo */,
				B524662D22896C3400A8C362 /* SwiftAppDemoTests */,
				B524663822896C3400A8C362 /* SwiftAppDemoUITests */,
			);
		};
/* End PBXProject section */

/* Begin PBXResourcesBuildPhase section */
		B524661822896C3300A8C362 /* Resources */ = {
			isa = PBXResourcesBuildPhase;
			buildActionMask = 2147483647;
			files = (
				B524662822896C3400A8C362 /* LaunchScreen.storyboard in Resources */,
				B524662522896C3400A8C362 /* Assets.xcassets in Resources */,
				B524662322896C3300A8C362 /* Main.storyboard in Resources */,
			);
			runOnlyForDeploymentPostprocessing = 0;
		};
		B524662C22896C3400A8C362 /* Resources */ = {
			isa = PBXResourcesBuildPhase;
			buildActionMask = 2147483647;
			files = (
			);
			runOnlyForDeploymentPostprocessing = 0;
		};
		B524663722896C3400A8C362 /* Resources */ = {
			isa = PBXResourcesBuildPhase;
			buildActionMask = 2147483647;
			files = (
			);
			runOnlyForDeploymentPostprocessing = 0;
		};
/* End PBXResourcesBuildPhase section */

/* Begin PBXShellScriptBuildPhase section */
		3356F81C245D79AF611CE6EE /* [CP] Check Pods Manifest.lock */ = {
			isa = PBXShellScriptBuildPhase;
			buildActionMask = 2147483647;
			files = (
			);
			inputFileListPaths = (
			);
			inputPaths = (
				"${PODS_PODFILE_DIR_PATH}/Podfile.lock",
				"${PODS_ROOT}/Manifest.lock",
			);
			name = "[CP] Check Pods Manifest.lock";
			outputFileListPaths = (
			);
			outputPaths = (
				"$(DERIVED_FILE_DIR)/Pods-SwiftAppDemo-checkManifestLockResult.txt",
			);
			runOnlyForDeploymentPostprocessing = 0;
			shellPath = /bin/sh;
			shellScript = "diff \"${PODS_PODFILE_DIR_PATH}/Podfile.lock\" \"${PODS_ROOT}/Manifest.lock\" > /dev/null\nif [ $? != 0 ] ; then\n    # print error to STDERR\n    echo \"error: The sandbox is not in sync with the Podfile.lock. Run 'pod install' or update your CocoaPods installation.\" >&2\n    exit 1\nfi\n# This output is used by Xcode 'outputs' to avoid re-running this script phase.\necho \"SUCCESS\" > \"${SCRIPT_OUTPUT_FILE_0}\"\n";
			showEnvVarsInLog = 0;
		};
		C86739A5F98AFAB7BBDC38FE /* [CP] Embed Pods Frameworks */ = {
			isa = PBXShellScriptBuildPhase;
			buildActionMask = 2147483647;
			files = (
			);
			inputFileListPaths = (
				"${PODS_ROOT}/Target Support Files/Pods-SwiftAppDemo/Pods-SwiftAppDemo-frameworks-${CONFIGURATION}-input-files.xcfilelist",
			);
			name = "[CP] Embed Pods Frameworks";
			outputFileListPaths = (
				"${PODS_ROOT}/Target Support Files/Pods-SwiftAppDemo/Pods-SwiftAppDemo-frameworks-${CONFIGURATION}-output-files.xcfilelist",
			);
			runOnlyForDeploymentPostprocessing = 0;
			shellPath = /bin/sh;
			shellScript = "\"${PODS_ROOT}/Target Support Files/Pods-SwiftAppDemo/Pods-SwiftAppDemo-frameworks.sh\"\n";
			showEnvVarsInLog = 0;
		};
/* End PBXShellScriptBuildPhase section */

/* Begin PBXSourcesBuildPhase section */
		B524661622896C3300A8C362 /* Sources */ = {
			isa = PBXSourcesBuildPhase;
			buildActionMask = 2147483647;
			files = (
				B5D12B7022B1FC7700B1C498 /* ErrorTracker.swift in Sources */,
				B5EB05D422AE3862006219E2 /* ZJCommonHeader.swift in Sources */,
				B5D12B7122B1FC7700B1C498 /* ActivityIndicator.swift in Sources */,
				B524003822AFAFC1001ADA25 /* ZJEmptyView.swift in Sources */,
				B5D12B7722B22C6C00B1C498 /* ZJRefreshHeader.swift in Sources */,
				B524662022896C3300A8C362 /* ViewController.swift in Sources */,
				B5D12B7E22B2306C00B1C498 /* Observable+Logging.swift in Sources */,
				B5D12B4C22B0D96300B1C498 /* ZJBaseTableViewCell.swift in Sources */,
				B5EB05CB22ADFD84006219E2 /* ZJSecondCell.swift in Sources */,
				B5246672228AABC500A8C362 /* ZJBaseTabBarContentView.swift in Sources */,
				B5D12B6422B1E35B00B1C498 /* Response+HandyJSON.swift in Sources */,
				B5D12B4B22B0D96300B1C498 /* UITableView+ZJAdditions.swift in Sources */,
				B5EB05C622ADFD83006219E2 /* ZJFindController.swift in Sources */,
				B5D12B5D22B118F500B1C498 /* ZJSwiftApi.swift in Sources */,
				B5246675228AABC500A8C362 /* ZJNavigationController.swift in Sources */,
				B5EB05CD22ADFD84006219E2 /* ZJFavorController.swift in Sources */,
				B5D12B7922B22CB300B1C498 /* ZJRefreshFooter.swift in Sources */,
				B5EB05CC22ADFD84006219E2 /* ZJSecondController.swift in Sources */,
				B5246673228AABC500A8C362 /* ZJBaseTabBarController.swift in Sources */,
				B5D12B7F22B2306C00B1C498 /* Observable+Operators.swift in Sources */,
				B5D12B8122B24E2A00B1C498 /* MJRefresh+Rx.swift in Sources */,
				B524667C228AAE9700A8C362 /* ZJCommonDefine.swift in Sources */,
				B5EB05C722ADFD83006219E2 /* ZJMineController.swift in Sources */,
				B5D12B5F22B11EBA00B1C498 /* ZJNetWorkManager.swift in Sources */,
				B5D12B6B22B1E73700B1C498 /* ZJEmptyModel.swift in Sources */,
				B5246679228AACA500A8C362 /* ZJBaseControllerView.swift in Sources */,
				B5EB05DD22AE3AE1006219E2 /* ZJHudCustomView.swift in Sources */,
				B5246671228AABC500A8C362 /* ZJRootController.swift in Sources */,
				B5246677228AAC1400A8C362 /* ZJBaseLayoutController.swift in Sources */,
				B5D12B4322B0D8C400B1C498 /* ZJAdaptUtil.swift in Sources */,
				B5246674228AABC500A8C362 /* ZJBaseViewController.swift in Sources */,
				B5EB05C822ADFD84006219E2 /* ZJHomeController.swift in Sources */,
				B5D12B4E22B0D9B600B1C498 /* ZJBaseTableViewController.swift in Sources */,
				B5D12B4922B0D96300B1C498 /* ZJBaseTableView.swift in Sources */,
				B5D12B6722B1E64600B1C498 /* ZJPageModel.swift in Sources */,
				B5EB05C922ADFD84006219E2 /* ZJThirdController.swift in Sources */,
				B5D12B7322B1FCC900B1C498 /* ZJBaseViewModel.swift in Sources */,
				B5D12B8322B341B800B1C498 /* ZJRemainOilModel.swift in Sources */,
				B5D12B6922B1E65C00B1C498 /* ZJStatusModel.swift in Sources */,
				B5EB05D722AE3A5D006219E2 /* UIView+ZJAdditions.swift in Sources */,
				B5D12B5122B0DA0C00B1C498 /* ZJSecondViewModel.swift in Sources */,
				B5D12B6222B1E22500B1C498 /* ZJBaseModel.swift in Sources */,
				B5EB05DB22AE3AA4006219E2 /* ZJHudView.swift in Sources */,
				B524661E22896C3300A8C362 /* AppDelegate.swift in Sources */,
				B5D12B4222B0D8C400B1C498 /* ZJAppHelper.swift in Sources */,
			);
			runOnlyForDeploymentPostprocessing = 0;
		};
		B524662A22896C3400A8C362 /* Sources */ = {
			isa = PBXSourcesBuildPhase;
			buildActionMask = 2147483647;
			files = (
				B524663322896C3400A8C362 /* SwiftAppDemoTests.swift in Sources */,
			);
			runOnlyForDeploymentPostprocessing = 0;
		};
		B524663522896C3400A8C362 /* Sources */ = {
			isa = PBXSourcesBuildPhase;
			buildActionMask = 2147483647;
			files = (
				B524663E22896C3400A8C362 /* SwiftAppDemoUITests.swift in Sources */,
			);
			runOnlyForDeploymentPostprocessing = 0;
		};
/* End PBXSourcesBuildPhase section */

/* Begin PBXTargetDependency section */
		B524663022896C3400A8C362 /* PBXTargetDependency */ = {
			isa = PBXTargetDependency;
			target = B524661922896C3300A8C362 /* SwiftAppDemo */;
			targetProxy = B524662F22896C3400A8C362 /* PBXContainerItemProxy */;
		};
		B524663B22896C3400A8C362 /* PBXTargetDependency */ = {
			isa = PBXTargetDependency;
			target = B524661922896C3300A8C362 /* SwiftAppDemo */;
			targetProxy = B524663A22896C3400A8C362 /* PBXContainerItemProxy */;
		};
/* End PBXTargetDependency section */

/* Begin PBXVariantGroup section */
		B524662122896C3300A8C362 /* Main.storyboard */ = {
			isa = PBXVariantGroup;
			children = (
				B524662222896C3300A8C362 /* Base */,
			);
			name = Main.storyboard;
			sourceTree = "<group>";
		};
		B524662622896C3400A8C362 /* LaunchScreen.storyboard */ = {
			isa = PBXVariantGroup;
			children = (
				B524662722896C3400A8C362 /* Base */,
			);
			name = LaunchScreen.storyboard;
			sourceTree = "<group>";
		};
/* End PBXVariantGroup section */

/* Begin XCBuildConfiguration section */
		B524664022896C3400A8C362 /* Debug */ = {
			isa = XCBuildConfiguration;
			buildSettings = {
				ALWAYS_SEARCH_USER_PATHS = NO;
				CLANG_ANALYZER_NONNULL = YES;
				CLANG_ANALYZER_NUMBER_OBJECT_CONVERSION = YES_AGGRESSIVE;
				CLANG_CXX_LANGUAGE_STANDARD = "gnu++14";
				CLANG_CXX_LIBRARY = "libc++";
				CLANG_ENABLE_MODULES = YES;
				CLANG_ENABLE_OBJC_ARC = YES;
				CLANG_ENABLE_OBJC_WEAK = YES;
				CLANG_WARN_BLOCK_CAPTURE_AUTORELEASING = YES;
				CLANG_WARN_BOOL_CONVERSION = YES;
				CLANG_WARN_COMMA = YES;
				CLANG_WARN_CONSTANT_CONVERSION = YES;
				CLANG_WARN_DEPRECATED_OBJC_IMPLEMENTATIONS = YES;
				CLANG_WARN_DIRECT_OBJC_ISA_USAGE = YES_ERROR;
				CLANG_WARN_DOCUMENTATION_COMMENTS = YES;
				CLANG_WARN_EMPTY_BODY = YES;
				CLANG_WARN_ENUM_CONVERSION = YES;
				CLANG_WARN_INFINITE_RECURSION = YES;
				CLANG_WARN_INT_CONVERSION = YES;
				CLANG_WARN_NON_LITERAL_NULL_CONVERSION = YES;
				CLANG_WARN_OBJC_IMPLICIT_RETAIN_SELF = YES;
				CLANG_WARN_OBJC_LITERAL_CONVERSION = YES;
				CLANG_WARN_OBJC_ROOT_CLASS = YES_ERROR;
				CLANG_WARN_RANGE_LOOP_ANALYSIS = YES;
				CLANG_WARN_STRICT_PROTOTYPES = YES;
				CLANG_WARN_SUSPICIOUS_MOVE = YES;
				CLANG_WARN_UNGUARDED_AVAILABILITY = YES_AGGRESSIVE;
				CLANG_WARN_UNREACHABLE_CODE = YES;
				CLANG_WARN__DUPLICATE_METHOD_MATCH = YES;
				CODE_SIGN_IDENTITY = "iPhone Developer";
				COPY_PHASE_STRIP = NO;
				DEBUG_INFORMATION_FORMAT = dwarf;
				ENABLE_STRICT_OBJC_MSGSEND = YES;
				ENABLE_TESTABILITY = YES;
				GCC_C_LANGUAGE_STANDARD = gnu11;
				GCC_DYNAMIC_NO_PIC = NO;
				GCC_NO_COMMON_BLOCKS = YES;
				GCC_OPTIMIZATION_LEVEL = 0;
				GCC_PREPROCESSOR_DEFINITIONS = (
					"DEBUG=1",
					"$(inherited)",
				);
				GCC_WARN_64_TO_32_BIT_CONVERSION = YES;
				GCC_WARN_ABOUT_RETURN_TYPE = YES_ERROR;
				GCC_WARN_UNDECLARED_SELECTOR = YES;
				GCC_WARN_UNINITIALIZED_AUTOS = YES_AGGRESSIVE;
				GCC_WARN_UNUSED_FUNCTION = YES;
				GCC_WARN_UNUSED_VARIABLE = YES;
				IPHONEOS_DEPLOYMENT_TARGET = 12.2;
				MTL_ENABLE_DEBUG_INFO = INCLUDE_SOURCE;
				MTL_FAST_MATH = YES;
				ONLY_ACTIVE_ARCH = YES;
				SDKROOT = iphoneos;
				SWIFT_ACTIVE_COMPILATION_CONDITIONS = DEBUG;
				SWIFT_OPTIMIZATION_LEVEL = "-Onone";
			};
			name = Debug;
		};
		B524664122896C3400A8C362 /* Release */ = {
			isa = XCBuildConfiguration;
			buildSettings = {
				ALWAYS_SEARCH_USER_PATHS = NO;
				CLANG_ANALYZER_NONNULL = YES;
				CLANG_ANALYZER_NUMBER_OBJECT_CONVERSION = YES_AGGRESSIVE;
				CLANG_CXX_LANGUAGE_STANDARD = "gnu++14";
				CLANG_CXX_LIBRARY = "libc++";
				CLANG_ENABLE_MODULES = YES;
				CLANG_ENABLE_OBJC_ARC = YES;
				CLANG_ENABLE_OBJC_WEAK = YES;
				CLANG_WARN_BLOCK_CAPTURE_AUTORELEASING = YES;
				CLANG_WARN_BOOL_CONVERSION = YES;
				CLANG_WARN_COMMA = YES;
				CLANG_WARN_CONSTANT_CONVERSION = YES;
				CLANG_WARN_DEPRECATED_OBJC_IMPLEMENTATIONS = YES;
				CLANG_WARN_DIRECT_OBJC_ISA_USAGE = YES_ERROR;
				CLANG_WARN_DOCUMENTATION_COMMENTS = YES;
				CLANG_WARN_EMPTY_BODY = YES;
				CLANG_WARN_ENUM_CONVERSION = YES;
				CLANG_WARN_INFINITE_RECURSION = YES;
				CLANG_WARN_INT_CONVERSION = YES;
				CLANG_WARN_NON_LITERAL_NULL_CONVERSION = YES;
				CLANG_WARN_OBJC_IMPLICIT_RETAIN_SELF = YES;
				CLANG_WARN_OBJC_LITERAL_CONVERSION = YES;
				CLANG_WARN_OBJC_ROOT_CLASS = YES_ERROR;
				CLANG_WARN_RANGE_LOOP_ANALYSIS = YES;
				CLANG_WARN_STRICT_PROTOTYPES = YES;
				CLANG_WARN_SUSPICIOUS_MOVE = YES;
				CLANG_WARN_UNGUARDED_AVAILABILITY = YES_AGGRESSIVE;
				CLANG_WARN_UNREACHABLE_CODE = YES;
				CLANG_WARN__DUPLICATE_METHOD_MATCH = YES;
				CODE_SIGN_IDENTITY = "iPhone Developer";
				COPY_PHASE_STRIP = NO;
				DEBUG_INFORMATION_FORMAT = "dwarf-with-dsym";
				ENABLE_NS_ASSERTIONS = NO;
				ENABLE_STRICT_OBJC_MSGSEND = YES;
				GCC_C_LANGUAGE_STANDARD = gnu11;
				GCC_NO_COMMON_BLOCKS = YES;
				GCC_WARN_64_TO_32_BIT_CONVERSION = YES;
				GCC_WARN_ABOUT_RETURN_TYPE = YES_ERROR;
				GCC_WARN_UNDECLARED_SELECTOR = YES;
				GCC_WARN_UNINITIALIZED_AUTOS = YES_AGGRESSIVE;
				GCC_WARN_UNUSED_FUNCTION = YES;
				GCC_WARN_UNUSED_VARIABLE = YES;
				IPHONEOS_DEPLOYMENT_TARGET = 12.2;
				MTL_ENABLE_DEBUG_INFO = NO;
				MTL_FAST_MATH = YES;
				SDKROOT = iphoneos;
				SWIFT_COMPILATION_MODE = wholemodule;
				SWIFT_OPTIMIZATION_LEVEL = "-O";
				VALIDATE_PRODUCT = YES;
			};
			name = Release;
		};
		B524664322896C3400A8C362 /* Debug */ = {
			isa = XCBuildConfiguration;
			baseConfigurationReference = D9548E1331008146246BFAAA /* Pods-SwiftAppDemo.debug.xcconfig */;
			buildSettings = {
				ASSETCATALOG_COMPILER_APPICON_NAME = AppIcon;
				CODE_SIGN_STYLE = Automatic;
				DEVELOPMENT_TEAM = WJ8A8C8G7T;
				INFOPLIST_FILE = SwiftAppDemo/Info.plist;
				IPHONEOS_DEPLOYMENT_TARGET = 10.0;
				LD_RUNPATH_SEARCH_PATHS = (
					"$(inherited)",
					"@executable_path/Frameworks",
				);
				PRODUCT_BUNDLE_IDENTIFIER = com.cenzhijun.SwiftAppDemo;
				PRODUCT_NAME = "$(TARGET_NAME)";
				SWIFT_OBJC_BRIDGING_HEADER = "SwiftAppDemo/Common/SwiftAppDemo-Bridging-Header.h";
				SWIFT_VERSION = 5.0;
				TARGETED_DEVICE_FAMILY = "1,2";
			};
			name = Debug;
		};
		B524664422896C3400A8C362 /* Release */ = {
			isa = XCBuildConfiguration;
			baseConfigurationReference = 3765D05FEE218620CE782176 /* Pods-SwiftAppDemo.release.xcconfig */;
			buildSettings = {
				ASSETCATALOG_COMPILER_APPICON_NAME = AppIcon;
				CODE_SIGN_STYLE = Automatic;
				DEVELOPMENT_TEAM = WJ8A8C8G7T;
				INFOPLIST_FILE = SwiftAppDemo/Info.plist;
				IPHONEOS_DEPLOYMENT_TARGET = 10.0;
				LD_RUNPATH_SEARCH_PATHS = (
					"$(inherited)",
					"@executable_path/Frameworks",
				);
				PRODUCT_BUNDLE_IDENTIFIER = com.cenzhijun.SwiftAppDemo;
				PRODUCT_NAME = "$(TARGET_NAME)";
				SWIFT_OBJC_BRIDGING_HEADER = "SwiftAppDemo/Common/SwiftAppDemo-Bridging-Header.h";
				SWIFT_VERSION = 5.0;
				TARGETED_DEVICE_FAMILY = "1,2";
			};
			name = Release;
		};
		B524664622896C3400A8C362 /* Debug */ = {
			isa = XCBuildConfiguration;
			buildSettings = {
				ALWAYS_EMBED_SWIFT_STANDARD_LIBRARIES = YES;
				BUNDLE_LOADER = "$(TEST_HOST)";
				CODE_SIGN_STYLE = Automatic;
				DEVELOPMENT_TEAM = WJ8A8C8G7T;
				INFOPLIST_FILE = SwiftAppDemoTests/Info.plist;
				LD_RUNPATH_SEARCH_PATHS = (
					"$(inherited)",
					"@executable_path/Frameworks",
					"@loader_path/Frameworks",
				);
				PRODUCT_BUNDLE_IDENTIFIER = com.cenzhijun.SwiftAppDemoTests;
				PRODUCT_NAME = "$(TARGET_NAME)";
				SWIFT_VERSION = 5.0;
				TARGETED_DEVICE_FAMILY = "1,2";
				TEST_HOST = "$(BUILT_PRODUCTS_DIR)/SwiftAppDemo.app/SwiftAppDemo";
			};
			name = Debug;
		};
		B524664722896C3400A8C362 /* Release */ = {
			isa = XCBuildConfiguration;
			buildSettings = {
				ALWAYS_EMBED_SWIFT_STANDARD_LIBRARIES = YES;
				BUNDLE_LOADER = "$(TEST_HOST)";
				CODE_SIGN_STYLE = Automatic;
				DEVELOPMENT_TEAM = WJ8A8C8G7T;
				INFOPLIST_FILE = SwiftAppDemoTests/Info.plist;
				LD_RUNPATH_SEARCH_PATHS = (
					"$(inherited)",
					"@executable_path/Frameworks",
					"@loader_path/Frameworks",
				);
				PRODUCT_BUNDLE_IDENTIFIER = com.cenzhijun.SwiftAppDemoTests;
				PRODUCT_NAME = "$(TARGET_NAME)";
				SWIFT_VERSION = 5.0;
				TARGETED_DEVICE_FAMILY = "1,2";
				TEST_HOST = "$(BUILT_PRODUCTS_DIR)/SwiftAppDemo.app/SwiftAppDemo";
			};
			name = Release;
		};
		B524664922896C3400A8C362 /* Debug */ = {
			isa = XCBuildConfiguration;
			buildSettings = {
				ALWAYS_EMBED_SWIFT_STANDARD_LIBRARIES = YES;
				CODE_SIGN_STYLE = Automatic;
				DEVELOPMENT_TEAM = WJ8A8C8G7T;
				INFOPLIST_FILE = SwiftAppDemoUITests/Info.plist;
				LD_RUNPATH_SEARCH_PATHS = (
					"$(inherited)",
					"@executable_path/Frameworks",
					"@loader_path/Frameworks",
				);
				PRODUCT_BUNDLE_IDENTIFIER = com.cenzhijun.SwiftAppDemoUITests;
				PRODUCT_NAME = "$(TARGET_NAME)";
				SWIFT_VERSION = 5.0;
				TARGETED_DEVICE_FAMILY = "1,2";
				TEST_TARGET_NAME = SwiftAppDemo;
			};
			name = Debug;
		};
		B524664A22896C3400A8C362 /* Release */ = {
			isa = XCBuildConfiguration;
			buildSettings = {
				ALWAYS_EMBED_SWIFT_STANDARD_LIBRARIES = YES;
				CODE_SIGN_STYLE = Automatic;
				DEVELOPMENT_TEAM = WJ8A8C8G7T;
				INFOPLIST_FILE = SwiftAppDemoUITests/Info.plist;
				LD_RUNPATH_SEARCH_PATHS = (
					"$(inherited)",
					"@executable_path/Frameworks",
					"@loader_path/Frameworks",
				);
				PRODUCT_BUNDLE_IDENTIFIER = com.cenzhijun.SwiftAppDemoUITests;
				PRODUCT_NAME = "$(TARGET_NAME)";
				SWIFT_VERSION = 5.0;
				TARGETED_DEVICE_FAMILY = "1,2";
				TEST_TARGET_NAME = SwiftAppDemo;
			};
			name = Release;
		};
/* End XCBuildConfiguration section */

/* Begin XCConfigurationList section */
		B524661522896C3300A8C362 /* Build configuration list for PBXProject "SwiftAppDemo" */ = {
			isa = XCConfigurationList;
			buildConfigurations = (
				B524664022896C3400A8C362 /* Debug */,
				B524664122896C3400A8C362 /* Release */,
			);
			defaultConfigurationIsVisible = 0;
			defaultConfigurationName = Release;
		};
		B524664222896C3400A8C362 /* Build configuration list for PBXNativeTarget "SwiftAppDemo" */ = {
			isa = XCConfigurationList;
			buildConfigurations = (
				B524664322896C3400A8C362 /* Debug */,
				B524664422896C3400A8C362 /* Release */,
			);
			defaultConfigurationIsVisible = 0;
			defaultConfigurationName = Release;
		};
		B524664522896C3400A8C362 /* Build configuration list for PBXNativeTarget "SwiftAppDemoTests" */ = {
			isa = XCConfigurationList;
			buildConfigurations = (
				B524664622896C3400A8C362 /* Debug */,
				B524664722896C3400A8C362 /* Release */,
			);
			defaultConfigurationIsVisible = 0;
			defaultConfigurationName = Release;
		};
		B524664822896C3400A8C362 /* Build configuration list for PBXNativeTarget "SwiftAppDemoUITests" */ = {
			isa = XCConfigurationList;
			buildConfigurations = (
				B524664922896C3400A8C362 /* Debug */,
				B524664A22896C3400A8C362 /* Release */,
			);
			defaultConfigurationIsVisible = 0;
			defaultConfigurationName = Release;
		};
/* End XCConfigurationList section */
	};
	rootObject = B524661222896C3300A8C362 /* Project object */;
}
